
Microsoft Visual Studio Solution File, Format Version 12.00
Project("{2150E333-8FDC-42A3-9474-1A3956D46DE8}") = "Api", "Api", "{C66C713E-A15C-4C6F-92D3-72AB08C3676C}"
EndProject
Project("{FAE04EC0-301F-11D3-BF4B-00C04F79EFBC}") = "Api", "Src\Api\Api.csproj", "{21CA0FD4-5364-48EF-8580-969E2B817763}"
EndProject
Project("{2150E333-8FDC-42A3-9474-1A3956D46DE8}") = "Application", "Application", "{865C4D19-A920-4945-8ECD-60EB450D1D50}"
EndProject
Project("{2150E333-8FDC-42A3-9474-1A3956D46DE8}") = "Domain", "Domain", "{6F3A788B-549D-45F7-80DD-D4067022C107}"
EndProject
Project("{2150E333-8FDC-42A3-9474-1A3956D46DE8}") = "Data", "Data", "{3B405F75-FF90-4ABA-8D82-A8446F3467EB}"
EndProject
Project("{2150E333-8FDC-42A3-9474-1A3956D46DE8}") = "Transversal", "Transversal", "{D21EA88C-B4A7-4D88-956E-D1157DCC24F7}"
EndProject
Project("{FAE04EC0-301F-11D3-BF4B-00C04F79EFBC}") = "Application", "Src\Application\Application.csproj", "{D8A5C7A4-8C63-497F-8E6B-48FFBEFA1BEF}"
EndProject
Project("{FAE04EC0-301F-11D3-BF4B-00C04F79EFBC}") = "Data", "Src\Data\Data.csproj", "{1160B19D-3773-47B2-85C9-E34E8A472155}"
EndProject
Project("{FAE04EC0-301F-11D3-BF4B-00C04F79EFBC}") = "Domain", "Src\Domain\Domain.csproj", "{DFCB10FF-B9B4-450E-99F9-845BD4422310}"
EndProject
Project("{FAE04EC0-301F-11D3-BF4B-00C04F79EFBC}") = "Transversal", "Src\Transversal\Transversal.csproj", "{89F7B6F2-F139-4889-889E-918C95C712B8}"
EndProject
Global
	GlobalSection(SolutionConfigurationPlatforms) = preSolution
		Debug|Any CPU = Debug|Any CPU
		Release|Any CPU = Release|Any CPU
	EndGlobalSection
	GlobalSection(NestedProjects) = preSolution
		{21CA0FD4-5364-48EF-8580-969E2B817763} = {C66C713E-A15C-4C6F-92D3-72AB08C3676C}
		{D8A5C7A4-8C63-497F-8E6B-48FFBEFA1BEF} = {865C4D19-A920-4945-8ECD-60EB450D1D50}
		{1160B19D-3773-47B2-85C9-E34E8A472155} = {3B405F75-FF90-4ABA-8D82-A8446F3467EB}
		{DFCB10FF-B9B4-450E-99F9-845BD4422310} = {6F3A788B-549D-45F7-80DD-D4067022C107}
		{89F7B6F2-F139-4889-889E-918C95C712B8} = {D21EA88C-B4A7-4D88-956E-D1157DCC24F7}
	EndGlobalSection
	GlobalSection(ProjectConfigurationPlatforms) = postSolution
		{21CA0FD4-5364-48EF-8580-969E2B817763}.Debug|Any CPU.ActiveCfg = Debug|Any CPU
		{21CA0FD4-5364-48EF-8580-969E2B817763}.Debug|Any CPU.Build.0 = Debug|Any CPU
		{21CA0FD4-5364-48EF-8580-969E2B817763}.Release|Any CPU.ActiveCfg = Release|Any CPU
		{21CA0FD4-5364-48EF-8580-969E2B817763}.Release|Any CPU.Build.0 = Release|Any CPU
		{D8A5C7A4-8C63-497F-8E6B-48FFBEFA1BEF}.Debug|Any CPU.ActiveCfg = Debug|Any CPU
		{D8A5C7A4-8C63-497F-8E6B-48FFBEFA1BEF}.Debug|Any CPU.Build.0 = Debug|Any CPU
		{D8A5C7A4-8C63-497F-8E6B-48FFBEFA1BEF}.Release|Any CPU.ActiveCfg = Release|Any CPU
		{D8A5C7A4-8C63-497F-8E6B-48FFBEFA1BEF}.Release|Any CPU.Build.0 = Release|Any CPU
		{1160B19D-3773-47B2-85C9-E34E8A472155}.Debug|Any CPU.ActiveCfg = Debug|Any CPU
		{1160B19D-3773-47B2-85C9-E34E8A472155}.Debug|Any CPU.Build.0 = Debug|Any CPU
		{1160B19D-3773-47B2-85C9-E34E8A472155}.Release|Any CPU.ActiveCfg = Release|Any CPU
		{1160B19D-3773-47B2-85C9-E34E8A472155}.Release|Any CPU.Build.0 = Release|Any CPU
		{DFCB10FF-B9B4-450E-99F9-845BD4422310}.Debug|Any CPU.ActiveCfg = Debug|Any CPU
		{DFCB10FF-B9B4-450E-99F9-845BD4422310}.Debug|Any CPU.Build.0 = Debug|Any CPU
		{DFCB10FF-B9B4-450E-99F9-845BD4422310}.Release|Any CPU.ActiveCfg = Release|Any CPU
		{DFCB10FF-B9B4-450E-99F9-845BD4422310}.Release|Any CPU.Build.0 = Release|Any CPU
		{89F7B6F2-F139-4889-889E-918C95C712B8}.Debug|Any CPU.ActiveCfg = Debug|Any CPU
		{89F7B6F2-F139-4889-889E-918C95C712B8}.Debug|Any CPU.Build.0 = Debug|Any CPU
		{89F7B6F2-F139-4889-889E-918C95C712B8}.Release|Any CPU.ActiveCfg = Release|Any CPU
		{89F7B6F2-F139-4889-889E-918C95C712B8}.Release|Any CPU.Build.0 = Release|Any CPU
	EndGlobalSection
EndGlobal
